git.sr.ht/~rehandaphedar/genanki-go-utils/v4 v4.0.0 h1:i2WvLX4hHXmh/O7RlKPiPPHVl1TXE/2FVx5KL1bHEJ0=
git.sr.ht/~rehandaphedar/genanki-go-utils/v4 v4.0.0/go.mod h1:he1pQLcVCMJHgNeNVU6IuYS0D4UmG/V4e97c0pL6o4U=
github.com/mattn/go-sqlite3 v1.14.45 h1:6KA/spDguL3KV8rnybG7ezSaE4SeMR3KC9VbUoAQaIk=
github.com/mattn/go-sqlite3 v1.14.45/go.mod h1:pjEuOr8IwzLJP2MfGeTb0A35jauH+C2kbHKBr7yXKVQ=
github.com/npcnixel/genanki-go v0.0.0-20260305182613-460b4074eb38 h1:Rtx1wOMaSAzV966Evc6TBzVcEqmf9kxPYwdnuRyXxog=
github.com/npcnixel/genanki-go v0.0.0-20260305182613-460b4074eb38/go.mod h1:W1FEWpdtv1QOKhnSMvYQmyqqmCnlXr6HsAxVW060zvA=
go.yaml.in/yaml/v4 v4.0.0-rc.5 h1:JVliQq9EGOYaTgMi+k8BhUJyqcGk4ZqeuiN1Cirba9c=
go.yaml.in/yaml/v4 v4.0.0-rc.5/go.mod h1:aZqd9kCMsGL7AuUv/m/PvWLdg5sjJsZ4oHDEnfPPfY0=
